
Microsoft Visual Studio Solution File, Format Version 12.00
Project("{FAE04EC0-301F-11D3-BF4B-00C04F79EFBC}") = "RabbitMQ-v10", "RabbitMQ-v10\RabbitMQ-v10.csproj", "{F9EF00C0-14AB-4259-9526-878211323A0F}"
EndProject
Project("{FAE04EC0-301F-11D3-BF4B-00C04F79EFBC}") = "Subscriber", "Subscriber\Subscriber.csproj", "{15C71C02-1016-404D-A46B-3F4A20ED5073}"
EndProject
Global
	GlobalSection(SolutionConfigurationPlatforms) = preSolution
		Debug|Any CPU = Debug|Any CPU
		Release|Any CPU = Release|Any CPU
	EndGlobalSection
	GlobalSection(ProjectConfigurationPlatforms) = postSolution
		{F9EF00C0-14AB-4259-9526-878211323A0F}.Debug|Any CPU.ActiveCfg = Debug|Any CPU
		{F9EF00C0-14AB-4259-9526-878211323A0F}.Debug|Any CPU.Build.0 = Debug|Any CPU
		{F9EF00C0-14AB-4259-9526-878211323A0F}.Release|Any CPU.ActiveCfg = Release|Any CPU
		{F9EF00C0-14AB-4259-9526-878211323A0F}.Release|Any CPU.Build.0 = Release|Any CPU
		{15C71C02-1016-404D-A46B-3F4A20ED5073}.Debug|Any CPU.ActiveCfg = Debug|Any CPU
		{15C71C02-1016-404D-A46B-3F4A20ED5073}.Debug|Any CPU.Build.0 = Debug|Any CPU
		{15C71C02-1016-404D-A46B-3F4A20ED5073}.Release|Any CPU.ActiveCfg = Release|Any CPU
		{15C71C02-1016-404D-A46B-3F4A20ED5073}.Release|Any CPU.Build.0 = Release|Any CPU
	EndGlobalSection
EndGlobal
